Microsoft Visual Studio Solution File, Format Version 12.00
# Visual Studio Version 17
VisualStudioVersion = 17.5.2.0
MinimumVisualStudioVersion = 10.0.40219.1
Project("{FAE04EC0-301F-11D3-BF4B-00C04F79EFBC}") = "app-tarefas1", "app-tarefas1.csproj", "{92D6AB1C-C605-B50B-EFA6-FECDE21E5450}"
EndProject
Global
	GlobalSection(SolutionConfigurationPlatforms) = preSolution
		Debug|Any CPU = Debug|Any CPU
		Release|Any CPU = Release|Any CPU
	EndGlobalSection
	GlobalSection(ProjectConfigurationPlatforms) = postSolution
		{92D6AB1C-C605-B50B-EFA6-FECDE21E5450}.Debug|Any CPU.ActiveCfg = Debug|Any CPU
		{92D6AB1C-C605-B50B-EFA6-FECDE21E5450}.Debug|Any CPU.Build.0 = Debug|Any CPU
		{92D6AB1C-C605-B50B-EFA6-FECDE21E5450}.Release|Any CPU.ActiveCfg = Release|Any CPU
		{92D6AB1C-C605-B50B-EFA6-FECDE21E5450}.Release|Any CPU.Build.0 = Release|Any CPU
	EndGlobalSection
	GlobalSection(SolutionProperties) = preSolution
		HideSolutionNode = FALSE
	EndGlobalSection
	GlobalSection(ExtensibilityGlobals) = postSolution
		SolutionGuid = {D3BF6A51-D4CB-403F-A873-8BD58C535204}
	EndGlobalSection
EndGlobal
